{
  "originHash" : "04dabd3167442914a8ce75d9b64257bdde08936250ed2efe1098b4073af2e01a",
  "pins" : [
    {
      "identity" : "capacitor-swift-pm",
      "kind" : "remoteSourceControl",
      "location" : "https://github.com/ionic-team/capacitor-swift-pm.git",
      "state" : {
        "revision" : "992959f0467c781eb6a1637e69d87481238c3672",
        "version" : "8.3.4"
      }
    }
  ],
  "version" : 3
}
